{
  "name": "aws-embedded-metrics-lambda-demo",
  "version": "1.0.1",
  "lockfileVersion": 2,
  "requires": true,
  "packages": {
    "": {
      "name": "aws-embedded-metrics-lambda-demo",
      "version": "1.0.0",
      "license": "ISC",
      "dependencies": {
        "aws-embedded-metrics": "^2.0.6"
      }
    },
    "node_modules/@datastructures-js/heap": {
      "version": "4.1.0",
      "resolved": "https://registry.npmjs.org/@datastructures-js/heap/-/heap-4.1.0.tgz",
      "integrity": "sha512-PFKWpDhd1BEdKw2FErddES8bLT6R2/FiivT42eByshG+9vNUpsGuOr7tsKcqRo1S3XyfBnQT711HVQt2k6xRQw=="
    },
    "node_modules/aws-embedded-metrics": {
      "version": "2.0.6",
      "resolved": "https://registry.npmjs.org/aws-embedded-metrics/-/aws-embedded-metrics-2.0.6.tgz",
      "integrity": "sha512-KKUeWmd5VftoR51ap//m7s6n/+RZvRAhECjWW37ivgLR0yCqoVb/z8kYRPxTx+l6FM+Csa0lFCCZKis4xI37ZA==",
      "dependencies": {
        "@datastructures-js/heap": "^4.0.2"
      },
      "engines": {
        "node": ">=10.0.0"
      }
    }
  },
  "dependencies": {
    "@datastructures-js/heap": {
      "version": "4.1.0",
      "resolved": "https://registry.npmjs.org/@datastructures-js/heap/-/heap-4.1.0.tgz",
      "integrity": "sha512-PFKWpDhd1BEdKw2FErddES8bLT6R2/FiivT42eByshG+9vNUpsGuOr7tsKcqRo1S3XyfBnQT711HVQt2k6xRQw=="
    },
    "aws-embedded-metrics": {
      "version": "2.0.6",
      "resolved": "https://registry.npmjs.org/aws-embedded-metrics/-/aws-embedded-metrics-2.0.6.tgz",
      "integrity": "sha512-KKUeWmd5VftoR51ap//m7s6n/+RZvRAhECjWW37ivgLR0yCqoVb/z8kYRPxTx+l6FM+Csa0lFCCZKis4xI37ZA==",
      "requires": {
        "@datastructures-js/heap": "^4.0.2"
      }
    }
  }
}
